
Microsoft Visual Studio Solution File, Format Version 12.00
# Visual Studio 2013
VisualStudioVersion = 12.0.31101.0
MinimumVisualStudioVersion = 10.0.40219.1
Project("{FAE04EC0-301F-11D3-BF4B-00C04F79EFBC}") = "TabControlRegion.Core", "TabControlRegion.Core\TabControlRegion.Core.csproj", "{D1401115-C117-4F0F-AC94-65BBE5736668}"
EndProject
Project("{FAE04EC0-301F-11D3-BF4B-00C04F79EFBC}") = "TabControlRegion", "TabControlRegion\TabControlRegion.csproj", "{C4BB8EC0-C547-4A5E-9447-CDC534F02E6D}"
EndProject
Project("{2150E333-8FDC-42A3-9474-1A3956D46DE8}") = "Modules", "Modules", "{00E6AD5B-BC83-4711-9687-D2E155731A0B}"
EndProject
Project("{FAE04EC0-301F-11D3-BF4B-00C04F79EFBC}") = "ModuleA", "ModuleA\ModuleA.csproj", "{B6FDA096-2F7C-41EF-8C38-AC58249407D6}"
EndProject
Project("{2150E333-8FDC-42A3-9474-1A3956D46DE8}") = ".nuget", ".nuget", "{CBB4849F-EB06-4269-AC92-1FA7990A03C8}"
	ProjectSection(SolutionItems) = preProject
		.nuget\NuGet.Config = .nuget\NuGet.Config
		.nuget\NuGet.exe = .nuget\NuGet.exe
		.nuget\NuGet.targets = .nuget\NuGet.targets
	EndProjectSection
EndProject
Global
	GlobalSection(SolutionConfigurationPlatforms) = preSolution
		Debug|Any CPU = Debug|Any CPU
		Release|Any CPU = Release|Any CPU
	EndGlobalSection
	GlobalSection(ProjectConfigurationPlatforms) = postSolution
		{D1401115-C117-4F0F-AC94-65BBE5736668}.Debug|Any CPU.ActiveCfg = Debug|Any CPU
		{D1401115-C117-4F0F-AC94-65BBE5736668}.Debug|Any CPU.Build.0 = Debug|Any CPU
		{D1401115-C117-4F0F-AC94-65BBE5736668}.Release|Any CPU.ActiveCfg = Release|Any CPU
		{D1401115-C117-4F0F-AC94-65BBE5736668}.Release|Any CPU.Build.0 = Release|Any CPU
		{C4BB8EC0-C547-4A5E-9447-CDC534F02E6D}.Debug|Any CPU.ActiveCfg = Debug|Any CPU
		{C4BB8EC0-C547-4A5E-9447-CDC534F02E6D}.Debug|Any CPU.Build.0 = Debug|Any CPU
		{C4BB8EC0-C547-4A5E-9447-CDC534F02E6D}.Release|Any CPU.ActiveCfg = Release|Any CPU
		{C4BB8EC0-C547-4A5E-9447-CDC534F02E6D}.Release|Any CPU.Build.0 = Release|Any CPU
		{B6FDA096-2F7C-41EF-8C38-AC58249407D6}.Debug|Any CPU.ActiveCfg = Debug|Any CPU
		{B6FDA096-2F7C-41EF-8C38-AC58249407D6}.Debug|Any CPU.Build.0 = Debug|Any CPU
		{B6FDA096-2F7C-41EF-8C38-AC58249407D6}.Release|Any CPU.ActiveCfg = Release|Any CPU
		{B6FDA096-2F7C-41EF-8C38-AC58249407D6}.Release|Any CPU.Build.0 = Release|Any CPU
	EndGlobalSection
	GlobalSection(SolutionProperties) = preSolution
		HideSolutionNode = FALSE
	EndGlobalSection
	GlobalSection(NestedProjects) = preSolution
		{B6FDA096-2F7C-41EF-8C38-AC58249407D6} = {00E6AD5B-BC83-4711-9687-D2E155731A0B}
	EndGlobalSection
EndGlobal
